<?xml version="1.0" encoding="utf-8"?>
<Project ToolsVersion="4.0" xmlns="http://schemas.microsoft.com/developer/msbuild/2003">
  <ItemGroup>
    <Filter Include="리소스 파일">
      <UniqueIdentifier>{67DA6AB6-F800-4c08-8B7A-83BB121AAD01}</UniqueIdentifier>
      <Extensions>rc;ico;cur;bmp;dlg;rc2;rct;bin;rgs;gif;jpg;jpeg;jpe;resx;tiff;tif;png;wav;mfcribbon-ms</Extensions>
    </Filter>
    <Filter Include="Source">
      <UniqueIdentifier>{36bb499e-a83b-457c-9f65-a0889d2ff2ba}</UniqueIdentifier>
    </Filter>
    <Filter Include="Source\Game">
      <UniqueIdentifier>{92d0430a-0e6e-42d4-a76b-70129908b47f}</UniqueIdentifier>
    </Filter>
    <Filter Include="Source\Game\Managers">
      <UniqueIdentifier>{81681b46-e422-46bc-8100-b4e33bd51c1b}</UniqueIdentifier>
    </Filter>
    <Filter Include="Source\Game\Creatures">
      <UniqueIdentifier>{a01168b2-4fbb-473d-8b90-e597ea793635}</UniqueIdentifier>
    </Filter>
    <Filter Include="Source\Game\Battle">
      <UniqueIdentifier>{d0887c83-a7f9-426e-a55b-d01a19b49d49}</UniqueIdentifier>
    </Filter>
  </ItemGroup>
  <ItemGroup>
    <ClCompile Include="Source\Game\AssetHandler.cpp">
      <Filter>Source\Game</Filter>
    </ClCompile>
    <ClCompile Include="Source\Game\AudioPlayer.cpp">
      <Filter>Source\Game</Filter>
    </ClCompile>
    <ClCompile Include="Source\Game\InputReceiver.cpp">
      <Filter>Source\Game</Filter>
    </ClCompile>
    <ClCompile Include="Source\Game\LogicHelper.cpp">
      <Filter>Source\Game</Filter>
    </ClCompile>
    <ClCompile Include="Source\Game\RenderingLayer.cpp">
      <Filter>Source\Game</Filter>
    </ClCompile>
    <ClCompile Include="Source\Game\textRPG.cpp">
      <Filter>Source\Game</Filter>
    </ClCompile>
    <ClCompile Include="Source\Game\ConstantContainer.cpp">
      <Filter>Source\Game</Filter>
    </ClCompile>
    <ClCompile Include="Source\Game\Character.cpp">
      <Filter>Source\Game</Filter>
    </ClCompile>
    <ClCompile Include="Source\Game\Managers\GameManager.cpp">
      <Filter>Source\Game\Managers</Filter>
    </ClCompile>
    <ClCompile Include="Source\Game\Managers\UIManager.cpp">
      <Filter>Source\Game\Managers</Filter>
    </ClCompile>
    <ClCompile Include="Source\Game\RenderingCanvas.cpp">
      <Filter>Source\Game</Filter>
    </ClCompile>
    <ClCompile Include="Source\Game\Managers\TimerManager.cpp">
      <Filter>Source\Game\Managers</Filter>
    </ClCompile>
    <ClCompile Include="Source\Game\TileMap.cpp">
      <Filter>Source\Game</Filter>
    </ClCompile>
    <ClCompile Include="Source\Game\Status.cpp" />
    <ClCompile Include="Source\Game\Creatures\Goblin.cpp">
      <Filter>Source\Game\Creatures</Filter>
    </ClCompile>
    <ClCompile Include="Source\Game\Creatures\Monster.cpp">
      <Filter>Source\Game\Creatures</Filter>
    </ClCompile>
    <ClCompile Include="Source\Game\Creatures\MonsterFactory.cpp">
      <Filter>Source\Game\Creatures</Filter>
    </ClCompile>
    <ClCompile Include="Source\Game\Creatures\MonstserFactoryManager.cpp">
      <Filter>Source\Game\Creatures</Filter>
    </ClCompile>
    <ClCompile Include="Source\Game\Creatures\Orc.cpp">
      <Filter>Source\Game\Creatures</Filter>
    </ClCompile>
    <ClCompile Include="Source\Game\Creatures\Slime.cpp">
      <Filter>Source\Game\Creatures</Filter>
    </ClCompile>
    <ClCompile Include="Source\Game\Creatures\Witch.cpp">
      <Filter>Source\Game\Creatures</Filter>
    </ClCompile>
    <ClCompile Include="Source\Game\Battle\ABattle.cpp">
      <Filter>Source\Game\Battle</Filter>
    </ClCompile>
    <ClCompile Include="Source\Game\Battle\AutoBattle.cpp">
      <Filter>Source\Game\Battle</Filter>
    </ClCompile>
    <ClCompile Include="Source\Game\Battle\HandBattle.cpp">
      <Filter>Source\Game\Battle</Filter>
    </ClCompile>
  </ItemGroup>
  <ItemGroup>
    <ClInclude Include="Source\Game\AssetHandler.h">
      <Filter>Source\Game</Filter>
    </ClInclude>
    <ClInclude Include="Source\Game\AudioPlayer.h">
      <Filter>Source\Game</Filter>
    </ClInclude>
    <ClInclude Include="Source\Game\InputReceiver.h">
      <Filter>Source\Game</Filter>
    </ClInclude>
    <ClInclude Include="Source\Game\LogicHelper.h">
      <Filter>Source\Game</Filter>
    </ClInclude>
    <ClInclude Include="Source\Game\RenderingLayer.h">
      <Filter>Source\Game</Filter>
    </ClInclude>
    <ClInclude Include="Source\Game\ConstantContainer.h">
      <Filter>Source\Game</Filter>
    </ClInclude>
    <ClInclude Include="Source\Game\Character.h">
      <Filter>Source\Game</Filter>
    </ClInclude>
    <ClInclude Include="Source\Game\Managers\UIManager.h">
      <Filter>Source\Game\Managers</Filter>
    </ClInclude>
    <ClInclude Include="Source\Game\Managers\GameManager.h">
      <Filter>Source\Game\Managers</Filter>
    </ClInclude>
    <ClInclude Include="Source\Game\RenderingCanvas.h">
      <Filter>Source\Game</Filter>
    </ClInclude>
    <ClInclude Include="Source\Game\Managers\TimerManager.h">
      <Filter>Source\Game\Managers</Filter>
    </ClInclude>
    <ClInclude Include="Source\Game\TileMap.h">
      <Filter>Source\Game</Filter>
    </ClInclude>
    <ClInclude Include="Source\Game\Job.h" />
    <ClInclude Include="Source\Game\Mage.h" />
    <ClInclude Include="Source\Game\Status.h" />
    <ClInclude Include="Source\Game\Thief.h" />
    <ClInclude Include="Source\Game\Creatures\Goblin.h">
      <Filter>Source\Game\Creatures</Filter>
    </ClInclude>
    <ClInclude Include="Source\Game\Creatures\Monster.h">
      <Filter>Source\Game\Creatures</Filter>
    </ClInclude>
    <ClInclude Include="Source\Game\Creatures\MonsterFactory.h">
      <Filter>Source\Game\Creatures</Filter>
    </ClInclude>
    <ClInclude Include="Source\Game\Creatures\MonstserFactoryManager.h">
      <Filter>Source\Game\Creatures</Filter>
    </ClInclude>
    <ClInclude Include="Source\Game\Creatures\Orc.h">
      <Filter>Source\Game\Creatures</Filter>
    </ClInclude>
    <ClInclude Include="Source\Game\Creatures\Slime.h">
      <Filter>Source\Game\Creatures</Filter>
    </ClInclude>
    <ClInclude Include="Source\Game\Warrior.h">
      <Filter>Source\Game\Creatures</Filter>
    </ClInclude>
    <ClInclude Include="Source\Game\Creatures\Witch.h">
      <Filter>Source\Game\Creatures</Filter>
    </ClInclude>
    <ClInclude Include="Source\Game\Battle\ABattle.h">
      <Filter>Source\Game\Battle</Filter>
    </ClInclude>
    <ClInclude Include="Source\Game\Battle\AutoBattle.h">
      <Filter>Source\Game\Battle</Filter>
    </ClInclude>
    <ClInclude Include="Source\Game\Battle\HandBattle.h">
      <Filter>Source\Game\Battle</Filter>
    </ClInclude>
  </ItemGroup>
</Project>